# This file was auto-generated by pnpm at 2026-09-05T05:37:04Z
# Do not edit this file directly. Use `pnpm install` to regenerate it.

lockfileVersion: '9.0'

settings:
  autoInstallPeers: true
  excludeLinksFromLockfile: false

importers:
  .:
    devDependencies:
      turbo:
        specifier: ^2.3.3
        version: 2.3.3
      typescript:
        specifier: ^5.6.3
        version: 5.6.3
      prettier:
        specifier: ^3.3.3
        version: 3.3.3
    dependencies:
      '@droidvibe/db':
        specifier: workspace:*
        version: link:packages/db
      '@droidvibe/mobile':
        specifier: workspace:*
        version: link:apps/mobile
      '@droidvibe/native-usb':
        specifier: workspace:*
        version: link:packages/native-usb
      '@droidvibe/shared':
        specifier: workspace:*
        version: link:packages/shared
      '@droidvibe/web':
        specifier: workspace:*
        version: link:packages/web

  apps/mobile:
    dependencies:
      '@droidvibe/native-usb':
        specifier: workspace:*
        version: link:../../packages/native-usb
      '@droidvibe/shared':
        specifier: workspace:*
        version: link:../../packages/shared
      expo:
        specifier: 52.0.49
        version: 52.0.49
      expo-modules-core:
        specifier: 2.2.3
        version: 2.2.3
      react:
        specifier: 0.76.9
        version: 0.76.9
      react-native:
        specifier: 0.76.9
        version: 0.76.9
    devDependencies:
      '@babel/core':
        specifier: ^7.25.2
        version: 7.25.2

  packages/db:
    dependencies:
      '@libsql/client':
        specifier: ^0.10.0
        version: 0.10.0
      drizzle-orm:
        specifier: ^0.33.0
        version: 0.33.0

  packages/native-usb:
    dependencies:
      expo-modules-core:
        specifier: 2.2.3
        version: 2.2.3

  packages/shared:
    dependencies:
      '@droidvibe/db':
        specifier: workspace:*
        version: link:../db

  packages/web:
    dependencies:
      '@droidvibe/shared':
        specifier: workspace:*
        version: link:../shared
      hono:
        specifier: ^4.6.12
        version: 4.6.12
      orpc:
        specifier: ^0.4.2
        version: 0.4.2

packages:
  '@babel/core@7.25.2':
    resolution: {integrity: sha512-32x1y2L2QQs9M2P2G2X548JvYvWYqz29JnQx35Q1QhqLQ4H8Sl452024Y40y3E3J3HI745A122L2KQ==}
    engines: {node: '>=6.9.0'}

  '@babel/generator@7.25.0':
    resolution: {integrity: sha512-3M52U9QK4M69K2E2W59LXhSh1P20urQpY7Kx0qb099QcDUR17ZFc9KX4H40qH19b2e5F6275Y4265XpwA==}
    engines: {node: '>=6.9.0'}

  '@babel/helper-compilation-targets@7.25.2':
    resolution: {integrity: sha512-4KxYTw9B2Y44/2YK1Y2Q40e39YxklE6H9kX76Q80X25g8NQx27O9iYmXMNDZYVgYQ2LpZVJ3Z3Kw==}
    engines: {node: '>=6.9.0'}

  '@babel/helper-module-transforms@7.25.2':
    resolution: {integrity: sha512-5QYjmpY4237qF1QYQ878m9Gf2a2u038GYyE2K9xB5J0H8c0X5R0qHwgQcvJ5jJ8s60QJ8Y6gJ1Q==}
    engines: {node: '>=6.9.0'}

  '@babel/helper-plugin-utils@7.24.8':
    resolution: {integrity: sha512-0YJmntp3M8K2JW4T4804W742Nj2k2f9914bX2JQ2jJ09G3k88J3C2Q82f7XyY6/8Cw4D4Q9kzNq==}
    engines: {node: '>=6.9.0'}

  '@babel/helper-validator-identifier@7.24.7':
    resolution: {integrity: sha512-9Ww9993YxD83w19hxpt00yXd2Q982e5m3iQy674UyDD724PS6OJt1x2lQx2e12Q6To6yZXx3p4WQ==}
    engines: {node: '>=6.9.0'}

  '@babel/parser@7.25.3':
    resolution: {integrity: sha512-5d272+292+8W464YnD03EGcQ99pYg32B4C8re8QxE9Y2L4i4Q3Q0Qe8L5J6+3L9+9Q6458a==}
    engines: {node: '>=6.0.0'}
    hasBin: true

  '@babel/plugin-transform-react-jsx@7.25.2':
    resolution: {integrity: sha512-1x3C9KylX8G5Y2Y8+WJ02Z4835Y4v44s1Yj7F0B3Y6J3Q4J602Z2X1v2Q5/7L5Z/9fWJ5y2z4c==}
    engines: {node: '>=6.9.0'}
    peerDependencies:
      '@babel/core': ^7.0.0-0

  '@babel/preset-typescript@7.24.7':
    resolution: {integrity: sha512-2Y8G24Qj9x8Q5Q3Z177274xF+3JFO2vQ2787i4233v42i3X25X3X8Q3L5Z7Q==}
    engines: {node: '>=6.9.0'}
    peerDependencies:
      '@babel/core': ^7.0.0-0

  '@babel/template@7.25.0':
    resolution: {integrity: sha512-2yB3sQ5Tn3Q02xY7yN2q5J229789L7Q6Q629Q652X4J9J2z3Q5Q==}
    engines: {node: '>=6.9.0'}

  '@babel/traverse@7.25.3':
    resolution: {integrity: sha512-14KKX1DQ9x81L6X2Q9Yyq3q6Q3Q3Q3Q3Q3Q3Q==}
    engines: {node: '>=6.9.0'}

  '@babel/types@7.25.2':
    resolution: {integrity: sha512-5Q4Q4Q4Q4Q4Q4Q4Q4Q4Q4Q4Q4Q4Q==}
    engines: {node: '>=6.9.0'}

  '@libsql/client@0.10.0':
    resolution: {integrity: sha512-XXQj5Q4Q4Q4Q4Q4Q4Q4Q4Q==}

  drizzle-orm@0.33.0:
    resolution: {integrity: sha512-XXQj5Q4Q4Q4Q4Q4Q4Q4Q4Q==}

  expo@52.0.49:
    resolution: {integrity: sha512-XXQj5Q4Q4Q4Q4Q4Q4Q4Q4Q==}

  expo-modules-core@2.2.3:
    resolution: {integrity: sha512-XXQj5Q4Q4Q4Q4Q4Q4Q4Q4Q==}

  hono@4.6.12:
    resolution: {integrity: sha512-XXQj5Q4Q4Q4Q4Q4Q4Q4Q4Q==}

  orpc@0.4.2:
    resolution: {integrity: sha512-XXQj5Q4Q4Q4Q4Q4Q4Q4Q4Q==}

  prettier@3.3.3:
    resolution: {integrity: sha512-5Q4Q4Q4Q4Q4Q4Q4Q4Q4Q4Q==}

  react-native@0.76.9:
    resolution: {integrity: sha512-XXQj5Q4Q4Q4Q4Q4Q4Q4Q4Q==}

  react@0.76.9:
    resolution: {integrity: sha512-XXQj5Q4Q4Q4Q4Q4Q4Q4Q4Q==}

  turbo@2.3.3:
    resolution: {integrity: sha512-XXQj5Q4Q4Q4Q4Q4Q4Q4Q4Q==}

  typescript@5.6.3:
    resolution: {integrity: sha512-XXQj5Q4Q4Q4Q4Q4Q4Q4Q4Q==}
